<?xml version="1.0" encoding="utf-8"?>
<Project ToolsVersion="4.0" xmlns="http://schemas.microsoft.com/developer/msbuild/2003">
  <ItemGroup>
    <Filter Include="Source Files">
      <UniqueIdentifier>{4FC737F1-C7A5-4376-A066-2A32D752A2FF}</UniqueIdentifier>
      <Extensions>cpp;c;cc;cxx;c++;cppm;ixx;def;odl;idl;hpj;bat;asm;asmx</Extensions>
    </Filter>
    <Filter Include="Header Files">
      <UniqueIdentifier>{93995380-89BD-4b04-88EB-625FBE52EBFB}</UniqueIdentifier>
      <Extensions>h;hh;hpp;hxx;h++;hm;inl;inc;ipp;xsd</Extensions>
    </Filter>
    <Filter Include="Resource Files">
      <UniqueIdentifier>{67DA6AB6-F800-4c08-8B7A-83BB121AAD01}</UniqueIdentifier>
      <Extensions>rc;ico;cur;bmp;dlg;rc2;rct;bin;rgs;gif;jpg;jpeg;jpe;resx;tiff;tif;png;wav;mfcribbon-ms</Extensions>
    </Filter>
    <Filter Include="Header Files\Node">
      <UniqueIdentifier>{b25a45ab-b76a-47a7-8e0c-c7da4564290c}</UniqueIdentifier>
    </Filter>
    <Filter Include="Source Files\Node">
      <UniqueIdentifier>{086e7336-cda3-43ee-9086-52b3fa0b6ee8}</UniqueIdentifier>
    </Filter>
    <Filter Include="Header Files\Voxel">
      <UniqueIdentifier>{c71a1a63-afae-4fbe-9c22-26f5ee7d9b52}</UniqueIdentifier>
    </Filter>
    <Filter Include="Source Files\Voxel">
      <UniqueIdentifier>{836ffac1-2e0a-4859-8519-eaf9ea7dfb54}</UniqueIdentifier>
    </Filter>
    <Filter Include="Source Files\Node\StateMachine">
      <UniqueIdentifier>{f3e99d75-d536-480b-af6d-da79648f5a40}</UniqueIdentifier>
    </Filter>
    <Filter Include="Header Files\Node\StateMachine">
      <UniqueIdentifier>{21a10ed2-bd53-42c3-96d0-5f2547bc3edc}</UniqueIdentifier>
    </Filter>
    <Filter Include="Header Files\DataStructures">
      <UniqueIdentifier>{738ed2f5-09c5-4008-8034-6a63396fc5c6}</UniqueIdentifier>
    </Filter>
    <Filter Include="Source Files\Node\DataStructures">
      <UniqueIdentifier>{4039d9a4-5bec-4e7a-a999-e1fa8cfb0e53}</UniqueIdentifier>
    </Filter>
  </ItemGroup>
  <ItemGroup>
    <ClCompile Include="main.cpp">
      <Filter>Source Files</Filter>
    </ClCompile>
    <ClCompile Include="Game.cpp">
      <Filter>Source Files</Filter>
    </ClCompile>
    <ClCompile Include="Engine.cpp">
      <Filter>Source Files</Filter>
    </ClCompile>
    <ClCompile Include="EngineNodePool.cpp">
      <Filter>Source Files\Node</Filter>
    </ClCompile>
    <ClCompile Include="SceneNodePool.cpp">
      <Filter>Source Files\Node</Filter>
    </ClCompile>
    <ClCompile Include="Shape.cpp">
      <Filter>Source Files\Node</Filter>
    </ClCompile>
    <ClCompile Include="raylibcpp.cpp">
      <Filter>Source Files</Filter>
    </ClCompile>
    <ClCompile Include="GameObjectController.cpp">
      <Filter>Source Files\Node</Filter>
    </ClCompile>
    <ClCompile Include="GameObjectDynamic.cpp">
      <Filter>Source Files\Node</Filter>
    </ClCompile>
    <ClCompile Include="Command.cpp">
      <Filter>Source Files</Filter>
    </ClCompile>
    <ClCompile Include="InputHandler.cpp">
      <Filter>Source Files</Filter>
    </ClCompile>
    <ClCompile Include="InputDevice.cpp">
      <Filter>Source Files</Filter>
    </ClCompile>
    <ClCompile Include="FiniteStateMachine.cpp">
      <Filter>Source Files\Node\StateMachine</Filter>
    </ClCompile>
    <ClCompile Include="MainMenuState.cpp">
      <Filter>Source Files\Node\StateMachine</Filter>
    </ClCompile>
    <ClCompile Include="SideScrollState.cpp">
      <Filter>Source Files\Node\StateMachine</Filter>
    </ClCompile>
    <ClCompile Include="TopDownState.cpp">
      <Filter>Source Files\Node\StateMachine</Filter>
    </ClCompile>
    <ClCompile Include="GamePlayState.cpp">
      <Filter>Source Files\Node\StateMachine</Filter>
    </ClCompile>
    <ClCompile Include="SweepAndPruneCollision.cpp">
      <Filter>Source Files</Filter>
    </ClCompile>
    <ClCompile Include="CollisionVolume.cpp">
      <Filter>Source Files</Filter>
    </ClCompile>
    <ClCompile Include="Node.cpp">
      <Filter>Source Files\Node</Filter>
    </ClCompile>
    <ClCompile Include="QuadTreeTestState.cpp">
      <Filter>Source Files\Node\StateMachine</Filter>
    </ClCompile>
    <ClCompile Include="QuadTreeV2.cpp">
      <Filter>Source Files\Node\DataStructures</Filter>
    </ClCompile>
  </ItemGroup>
  <ItemGroup>
    <ClInclude Include="Game.h">
      <Filter>Header Files</Filter>
    </ClInclude>
    <ClInclude Include="Setting.h">
      <Filter>Header Files</Filter>
    </ClInclude>
    <ClInclude Include="Node.h">
      <Filter>Header Files\Node</Filter>
    </ClInclude>
    <ClInclude Include="Engine.h">
      <Filter>Header Files</Filter>
    </ClInclude>
    <ClInclude Include="EngineNodePool.h">
      <Filter>Header Files\Node</Filter>
    </ClInclude>
    <ClInclude Include="SceneNodePool.h">
      <Filter>Header Files\Node</Filter>
    </ClInclude>
    <ClInclude Include="Shape.h">
      <Filter>Header Files\Node</Filter>
    </ClInclude>
    <ClInclude Include="InputHandler.h">
      <Filter>Header Files\Node</Filter>
    </ClInclude>
    <ClInclude Include="GameObjectDynamic.h">
      <Filter>Header Files\Node</Filter>
    </ClInclude>
    <ClInclude Include="GameObjectController.h">
      <Filter>Header Files\Node</Filter>
    </ClInclude>
    <ClInclude Include="Command.h">
      <Filter>Header Files</Filter>
    </ClInclude>
    <ClInclude Include="CommandBindings.h">
      <Filter>Header Files</Filter>
    </ClInclude>
    <ClInclude Include="InputDevice.h">
      <Filter>Header Files</Filter>
    </ClInclude>
    <ClInclude Include="FiniteStateMachine.h">
      <Filter>Header Files\Node\StateMachine</Filter>
    </ClInclude>
    <ClInclude Include="MainMenuState.h">
      <Filter>Header Files\Node\StateMachine</Filter>
    </ClInclude>
    <ClInclude Include="SideScrollState.h">
      <Filter>Header Files\Node\StateMachine</Filter>
    </ClInclude>
    <ClInclude Include="TopDownState.h">
      <Filter>Header Files\Node\StateMachine</Filter>
    </ClInclude>
    <ClInclude Include="GamePlayState.h">
      <Filter>Header Files\Node\StateMachine</Filter>
    </ClInclude>
    <ClInclude Include="SweepAndPruneCollision.h">
      <Filter>Header Files</Filter>
    </ClInclude>
    <ClInclude Include="CollisionVolume.h">
      <Filter>Header Files</Filter>
    </ClInclude>
    <ClInclude Include="Vec2.h">
      <Filter>Header Files\DataStructures</Filter>
    </ClInclude>
    <ClInclude Include="Transform.h">
      <Filter>Header Files\DataStructures</Filter>
    </ClInclude>
    <ClInclude Include="QuadTreeV2.h">
      <Filter>Header Files\DataStructures</Filter>
    </ClInclude>
    <ClInclude Include="QuadTreeTestState.h">
      <Filter>Header Files\Node\StateMachine</Filter>
    </ClInclude>
  </ItemGroup>
</Project>